
Microsoft Visual Studio Solution File, Format Version 12.00
# Visual Studio 2012
Project("{FAE04EC0-301F-11D3-BF4B-00C04F79EFBC}") = "MondodbDemo.Data", "MondodbDemo.Data\MondodbDemo.Data.csproj", "{67A9F5CC-F230-4602-AFF0-C934BFE1FD3E}"
EndProject
Project("{FAE04EC0-301F-11D3-BF4B-00C04F79EFBC}") = "MondodbDemo.WebApp", "MondodbDemo.WebApp\MondodbDemo.WebApp.csproj", "{B4C71757-2D75-4591-AB05-F7348067F0C4}"
EndProject
Global
	GlobalSection(SolutionConfigurationPlatforms) = preSolution
		Debug|Any CPU = Debug|Any CPU
		Release|Any CPU = Release|Any CPU
	EndGlobalSection
	GlobalSection(ProjectConfigurationPlatforms) = postSolution
		{67A9F5CC-F230-4602-AFF0-C934BFE1FD3E}.Debug|Any CPU.ActiveCfg = Debug|Any CPU
		{67A9F5CC-F230-4602-AFF0-C934BFE1FD3E}.Debug|Any CPU.Build.0 = Debug|Any CPU
		{67A9F5CC-F230-4602-AFF0-C934BFE1FD3E}.Release|Any CPU.ActiveCfg = Release|Any CPU
		{67A9F5CC-F230-4602-AFF0-C934BFE1FD3E}.Release|Any CPU.Build.0 = Release|Any CPU
		{B4C71757-2D75-4591-AB05-F7348067F0C4}.Debug|Any CPU.ActiveCfg = Debug|Any CPU
		{B4C71757-2D75-4591-AB05-F7348067F0C4}.Debug|Any CPU.Build.0 = Debug|Any CPU
		{B4C71757-2D75-4591-AB05-F7348067F0C4}.Release|Any CPU.ActiveCfg = Release|Any CPU
		{B4C71757-2D75-4591-AB05-F7348067F0C4}.Release|Any CPU.Build.0 = Release|Any CPU
	EndGlobalSection
	GlobalSection(SolutionProperties) = preSolution
		HideSolutionNode = FALSE
	EndGlobalSection
EndGlobal
